{
  "name": "CalcGame",
  "version": "1.0.0",
  "lockfileVersion": 1,
  "requires": true,
  "dependencies": {
    "electron-positioner": {
      "version": "4.1.0",
      "resolved": "https://registry.npmjs.org/electron-positioner/-/electron-positioner-4.1.0.tgz",
      "integrity": "sha512-726DfbI9ZNoCg+Fcu6XLuTKTnzf+6nFqv7h+K/V6Ug7IbaPMI7s9S8URnGtWFCy5N5PL4HSzRFF2mXuinftDdg=="
    },
    "menubar": {
      "version": "9.0.3",
      "resolved": "https://registry.npmjs.org/menubar/-/menubar-9.0.3.tgz",
      "integrity": "sha512-J5MVygpC5L9cCdZQuCSSdorSidKVqwHKabHcL+oavl2wScWL1jVWFYikxA03L1k3Q58QFF2szFXTceJpMshJSA==",
      "requires": {
        "electron-positioner": "^4.1.0"
      }
    }
  }
}
